
Microsoft Visual Studio Solution File, Format Version 12.00
# Visual Studio Version 17
VisualStudioVersion = 17.0.31903.59
MinimumVisualStudioVersion = 10.0.40219.1
Project("{FAE04EC0-301F-11D3-BF4B-00C04F79EFBC}") = "Lesson02", "Lesson02\Lesson02.csproj", "{46FD9C67-C6DD-40CE-A247-956E8893F0B3}"
EndProject
Project("{FAE04EC0-301F-11D3-BF4B-00C04F79EFBC}") = "Lesson03_Images", "Lesson03_Images\Lesson03_Images.csproj", "{340420C3-867C-4A7E-AA9A-3D2A516C914D}"
EndProject
Global
	GlobalSection(SolutionConfigurationPlatforms) = preSolution
		Debug|Any CPU = Debug|Any CPU
		Release|Any CPU = Release|Any CPU
	EndGlobalSection
	GlobalSection(SolutionProperties) = preSolution
		HideSolutionNode = FALSE
	EndGlobalSection
	GlobalSection(ProjectConfigurationPlatforms) = postSolution
		{46FD9C67-C6DD-40CE-A247-956E8893F0B3}.Debug|Any CPU.ActiveCfg = Debug|Any CPU
		{46FD9C67-C6DD-40CE-A247-956E8893F0B3}.Debug|Any CPU.Build.0 = Debug|Any CPU
		{46FD9C67-C6DD-40CE-A247-956E8893F0B3}.Release|Any CPU.ActiveCfg = Release|Any CPU
		{46FD9C67-C6DD-40CE-A247-956E8893F0B3}.Release|Any CPU.Build.0 = Release|Any CPU
		{340420C3-867C-4A7E-AA9A-3D2A516C914D}.Debug|Any CPU.ActiveCfg = Debug|Any CPU
		{340420C3-867C-4A7E-AA9A-3D2A516C914D}.Debug|Any CPU.Build.0 = Debug|Any CPU
		{340420C3-867C-4A7E-AA9A-3D2A516C914D}.Release|Any CPU.ActiveCfg = Release|Any CPU
		{340420C3-867C-4A7E-AA9A-3D2A516C914D}.Release|Any CPU.Build.0 = Release|Any CPU
	EndGlobalSection
EndGlobal
